<Solution>
  <Project Path="SmartInventory.Application/SmartInventory.Application.csproj" />
  <Project Path="SmartInventory.Domain/SmartInventory.Domain.csproj" />
  <Project Path="SmartInventory.Infrastructure/SmartInventory.Infrastructure.csproj" />
  <Project Path="SmartInventory.Presentation/SmartInventory.Presentation.csproj" />
</Solution>
